# Integrity lock for the release guard's data files. The bite-check verifies it
# before running any scenario: its scenarios are GENERATED from those files, so
# an entry removed there would delete its own test and the suite would stay green.
# Regenerate deliberately: task supply-chain:relock-release-guard
6c5a2118c8b093367346798a5e6b44d98d41019cf424859c1133c63411935771  .ci-release-guard-pathspec.txt
854b45dd3136802b22c1055a3a5668951530252dc01be80e529ca89abf554e47  .ci-release-guard-exempt.txt
