# Integrity lock for the release guard's data files. The bite-check verifies it
# before running any scenario: its scenarios are GENERATED from those files, so
# an entry removed there would delete its own test and the suite would stay green.
# Regenerate deliberately: task supply-chain:relock-release-guard
6c5a2118c8b093367346798a5e6b44d98d41019cf424859c1133c63411935771  .ci-release-guard-pathspec.txt
37266b0a92cdfaa3d6e0b9627b0544a4ed73913c27e0873a06762622d5623016  .ci-release-guard-exempt.txt
