# Integrity lock for the release guard's data files. The bite-check verifies it
# before running any scenario: its scenarios are GENERATED from those files, so
# an entry removed there would delete its own test and the suite would stay green.
# Regenerate deliberately: task supply-chain:relock-release-guard
6c5a2118c8b093367346798a5e6b44d98d41019cf424859c1133c63411935771  .ci-release-guard-pathspec.txt
a1475a1a4e99a6c6e65d27e7e8a51b1c183e3ae915db0e0ced78c744e2bc4ecc  .ci-release-guard-exempt.txt
